
Microsoft Visual Studio Solution File, Format Version 12.00
# Visual Studio 15
VisualStudioVersion = 15.0.28010.2019
MinimumVisualStudioVersion = 10.0.40219.1
Project("{FAE04EC0-301F-11D3-BF4B-00C04F79EFBC}") = "TestPushApp", "TestPushApp\TestPushApp.csproj", "{57C77FFB-57D9-4131-B964-A1EC9FC5CD9E}"
EndProject
Global
	GlobalSection(SolutionConfigurationPlatforms) = preSolution
		Debug|Any CPU = Debug|Any CPU
		Release|Any CPU = Release|Any CPU
	EndGlobalSection
	GlobalSection(ProjectConfigurationPlatforms) = postSolution
		{57C77FFB-57D9-4131-B964-A1EC9FC5CD9E}.Debug|Any CPU.ActiveCfg = Debug|Any CPU
		{57C77FFB-57D9-4131-B964-A1EC9FC5CD9E}.Debug|Any CPU.Build.0 = Debug|Any CPU
		{57C77FFB-57D9-4131-B964-A1EC9FC5CD9E}.Release|Any CPU.ActiveCfg = Release|Any CPU
		{57C77FFB-57D9-4131-B964-A1EC9FC5CD9E}.Release|Any CPU.Build.0 = Release|Any CPU
	EndGlobalSection
	GlobalSection(SolutionProperties) = preSolution
		HideSolutionNode = FALSE
	EndGlobalSection
	GlobalSection(ExtensibilityGlobals) = postSolution
		SolutionGuid = {8AF659A9-27E7-42F4-B2BF-B044CB2930B3}
	EndGlobalSection
EndGlobal
